{
    "_meta": {
        "hash": {
            "sha256": "40f4978bb604e8572e6dd4c278e41e92730d7ad481fef1efbc12c7235283a836"
        },
        "pipfile-spec": 6,
        "requires": {
            "python_version": "3.8"
        },
        "sources": [
            {
                "name": "pypi",
                "url": "https://pypi.org/simple",
                "verify_ssl": true
            }
        ]
    },
    "default": {
        "qcbrunch": {
            "editable": true,
            "path": "."
        }
    },
    "develop": {}
}
